
Microsoft Visual Studio Solution File, Format Version 12.00
# Visual Studio Version 16
VisualStudioVersion = 16.0.810.0
MinimumVisualStudioVersion = 10.0.40219.1
Project("{FAE04EC0-301F-11D3-BF4B-00C04F79EFBC}") = "AntiFraud", "AntiFraud.csproj", "{69770DA9-B9F4-4738-A26F-4DD448CF72BE}"
EndProject
Project("{FAE04EC0-301F-11D3-BF4B-00C04F79EFBC}") = "AntiFraudTests", "..\AntiFraudTests\AntiFraudTests.csproj", "{0D7B6057-518B-497A-8FEF-052E4CA71B0B}"
EndProject
Global
	GlobalSection(SolutionConfigurationPlatforms) = preSolution
		Debug|Any CPU = Debug|Any CPU
		Release|Any CPU = Release|Any CPU
	EndGlobalSection
	GlobalSection(ProjectConfigurationPlatforms) = postSolution
		{69770DA9-B9F4-4738-A26F-4DD448CF72BE}.Debug|Any CPU.ActiveCfg = Debug|Any CPU
		{69770DA9-B9F4-4738-A26F-4DD448CF72BE}.Debug|Any CPU.Build.0 = Debug|Any CPU
		{69770DA9-B9F4-4738-A26F-4DD448CF72BE}.Release|Any CPU.ActiveCfg = Release|Any CPU
		{69770DA9-B9F4-4738-A26F-4DD448CF72BE}.Release|Any CPU.Build.0 = Release|Any CPU
		{0D7B6057-518B-497A-8FEF-052E4CA71B0B}.Debug|Any CPU.ActiveCfg = Debug|Any CPU
		{0D7B6057-518B-497A-8FEF-052E4CA71B0B}.Debug|Any CPU.Build.0 = Debug|Any CPU
		{0D7B6057-518B-497A-8FEF-052E4CA71B0B}.Release|Any CPU.ActiveCfg = Release|Any CPU
		{0D7B6057-518B-497A-8FEF-052E4CA71B0B}.Release|Any CPU.Build.0 = Release|Any CPU
	EndGlobalSection
	GlobalSection(SolutionProperties) = preSolution
		HideSolutionNode = FALSE
	EndGlobalSection
	GlobalSection(ExtensibilityGlobals) = postSolution
		SolutionGuid = {BB235E42-E0A3-45F2-9F3D-CE14E77F25AE}
	EndGlobalSection
EndGlobal
